{
  "version": 4,
  "terraform_version": "1.1.5",
  "serial": 38,
  "lineage": "991aeee4-a265-3107-b3e1-bcd52eb1c634",
  "outputs": {
    "git_password": {
      "value": "KhWt8rxxR48gtoh5WSatFmeYRlT+KYnpuXzzyalN7e8=",
      "type": "string",
      "sensitive": true
    },
    "git_user_name": {
      "value": "gitlab-user-at-978200889980",
      "type": "string"
    },
    "infra_git_repo_url": {
      "value": "https://git-codecommit.eu-west-1.amazonaws.com/v1/repos/terraform-assets",
      "type": "string"
    },
    "terraform_role": {
      "value": "arn:aws:iam::978200889980:role/Terraform-role",
      "type": "string"
    }
  },
  "resources": [
    {
      "mode": "data",
      "type": "aws_iam_policy",
      "name": "codebuild_dev_policy",
      "provider": "provider[\"registry.terraform.io/hashicorp/aws\"]",
      "instances": [
        {
          "schema_version": 0,
          "attributes": {
            "arn": "arn:aws:iam::aws:policy/AWSCodeBuildDeveloperAccess",
            "description": "Provides access to AWS CodeBuild via the AWS Management Console, but does not allow CodeBuild project administration. Also attach AmazonS3ReadOnlyAccess to provide access to download build artifacts.",
            "id": "arn:aws:iam::aws:policy/AWSCodeBuildDeveloperAccess",
            "name": "AWSCodeBuildDeveloperAccess",
            "path": "/",
            "path_prefix": null,
            "policy": "{\n    \"Statement\": [\n        {\n            \"Action\": [\n                \"codebuild:StartBuild\",\n                \"codebuild:StopBuild\",\n                \"codebuild:StartBuildBatch\",\n                \"codebuild:StopBuildBatch\",\n                \"codebuild:RetryBuild\",\n                \"codebuild:RetryBuildBatch\",\n                \"codebuild:BatchGet*\",\n                \"codebuild:GetResourcePolicy\",\n                \"codebuild:DescribeTestCases\",\n                \"codebuild:DescribeCodeCoverages\",\n                \"codebuild:List*\",\n                \"codecommit:GetBranch\",\n                \"codecommit:GetCommit\",\n                \"codecommit:GetRepository\",\n                \"codecommit:ListBranches\",\n                \"cloudwatch:GetMetricStatistics\",\n                \"events:DescribeRule\",\n                \"events:ListTargetsByRule\",\n                \"events:ListRuleNamesByTarget\",\n                \"logs:GetLogEvents\",\n                \"s3:GetBucketLocation\",\n                \"s3:ListAllMyBuckets\"\n            ],\n            \"Effect\": \"Allow\",\n            \"Resource\": \"*\"\n        },\n        {\n            \"Effect\": \"Allow\",\n            \"Action\": [\n                \"ssm:PutParameter\"\n            ],\n            \"Resource\": \"arn:aws:ssm:*:*:parameter/CodeBuild/*\"\n        },\n        {\n            \"Effect\": \"Allow\",\n            \"Action\": [\n                \"ssm:StartSession\"\n            ],\n            \"Resource\": \"arn:aws:ecs:*:*:task/*/*\"\n        },\n        {\n            \"Sid\": \"CodeStarConnectionsUserAccess\",\n            \"Effect\": \"Allow\",\n            \"Action\": [\n                \"codestar-connections:ListConnections\",\n                \"codestar-connections:GetConnection\"\n            ],\n            \"Resource\": \"arn:aws:codestar-connections:*:*:connection/*\"\n        },\n        {\n            \"Sid\": \"CodeStarNotificationsReadWriteAccess\",\n            \"Effect\": \"Allow\",\n            \"Action\": [\n                \"codestar-notifications:CreateNotificationRule\",\n                \"codestar-notifications:DescribeNotificationRule\",\n                \"codestar-notifications:UpdateNotificationRule\",\n                \"codestar-notifications:Subscribe\",\n                \"codestar-notifications:Unsubscribe\"\n            ],\n            \"Resource\": \"*\",\n            \"Condition\": {\n                \"StringLike\": {\n                    \"codestar-notifications:NotificationsForResource\": \"arn:aws:codebuild:*\"\n                }\n            }\n        },\n        {\n            \"Sid\": \"CodeStarNotificationsListAccess\",\n            \"Effect\": \"Allow\",\n            \"Action\": [\n                \"codestar-notifications:ListNotificationRules\",\n                \"codestar-notifications:ListEventTypes\",\n                \"codestar-notifications:ListTargets\",\n                \"codestar-notifications:ListTagsforResource\"\n            ],\n            \"Resource\": \"*\"\n        },\n        {\n            \"Sid\": \"SNSTopicListAccess\",\n            \"Effect\": \"Allow\",\n            \"Action\": [\n                \"sns:ListTopics\",\n                \"sns:GetTopicAttributes\"\n            ],\n            \"Resource\": \"*\"\n        },\n        { \n           \"Sid\": \"CodeStarNotificationsChatbotAccess\",\n           \"Effect\": \"Allow\", \n           \"Action\": [ \n               \"chatbot:DescribeSlackChannelConfigurations\"\n           ], \n           \"Resource\": \"*\"\n        }\n     ],\n    \"Version\": \"2012-10-17\"\n}",
            "policy_id": "ANPAIMKTMR34XSBQW45HS",
            "tags": {}
          },
          "sensitive_attributes": []
        }
      ]
    },
    {
      "mode": "data",
      "type": "aws_iam_policy",
      "name": "codepipeline_full_policy",
      "provider": "provider[\"registry.terraform.io/hashicorp/aws\"]",
      "instances": [
        {
          "schema_version": 0,
          "attributes": {
            "arn": "arn:aws:iam::aws:policy/AWSCodePipelineFullAccess",
            "description": "[DEPRECATED] this policy has been removed -- please use [AWSCodePipeline_FullAccess] instead.",
            "id": "arn:aws:iam::aws:policy/AWSCodePipelineFullAccess",
            "name": "AWSCodePipelineFullAccess",
            "path": "/",
            "path_prefix": null,
            "policy": "{\n  \"Statement\": [\n    {\n      \"Action\": [\n        \"codepipeline:*\",\n        \"cloudformation:DescribeStacks\",\n        \"cloudformation:ListChangeSets\",\n        \"cloudtrail:CreateTrail\",\n        \"cloudtrail:DescribeTrails\",\n        \"cloudtrail:GetEventSelectors\",\n        \"cloudtrail:PutEventSelectors\",\n        \"cloudtrail:StartLogging\",\n        \"codebuild:BatchGetProjects\",\n        \"codebuild:CreateProject\",\n        \"codebuild:ListCuratedEnvironmentImages\",\n        \"codebuild:ListProjects\",\n        \"codecommit:GetBranch\",\n        \"codecommit:GetRepositoryTriggers\",\n        \"codecommit:ListBranches\",\n        \"codecommit:ListRepositories\",\n        \"codecommit:PutRepositoryTriggers\",\n        \"codecommit:GetReferences\",\n        \"codedeploy:GetApplication\",\n        \"codedeploy:BatchGetApplications\",\n        \"codedeploy:GetDeploymentGroup\",\n        \"codedeploy:BatchGetDeploymentGroups\",\n        \"codedeploy:ListApplications\",\n        \"codedeploy:ListDeploymentGroups\",\n        \"devicefarm:GetDevicePool\",\n        \"devicefarm:GetProject\",\n        \"devicefarm:ListDevicePools\",\n        \"devicefarm:ListProjects\",\n        \"ec2:DescribeSecurityGroups\",\n        \"ec2:DescribeSubnets\",\n        \"ec2:DescribeVpcs\",\n        \"ecr:DescribeRepositories\",\n        \"ecr:ListImages\",\n        \"ecs:ListClusters\",\n        \"ecs:ListServices\",\n        \"elasticbeanstalk:DescribeApplications\",\n        \"elasticbeanstalk:DescribeEnvironments\",\n        \"iam:ListRoles\",\n        \"iam:GetRole\",\n        \"lambda:GetFunctionConfiguration\",\n        \"lambda:ListFunctions\",\n        \"events:ListRules\",\n        \"events:ListTargetsByRule\",\n        \"events:DescribeRule\",\n        \"opsworks:DescribeApps\",\n        \"opsworks:DescribeLayers\",\n        \"opsworks:DescribeStacks\",\n        \"s3:GetBucketPolicy\",\n        \"s3:GetBucketVersioning\",\n        \"s3:GetObjectVersion\",\n        \"s3:ListAllMyBuckets\",\n        \"s3:ListBucket\",\n        \"sns:ListTopics\",\n        \"codestar-notifications:ListNotificationRules\",\n        \"codestar-notifications:ListTargets\",\n        \"codestar-notifications:ListTagsforResource\",\n        \"codestar-notifications:ListEventTypes\",\n        \"states:ListStateMachines\"\n      ],\n      \"Effect\": \"Allow\",\n      \"Resource\": \"*\"\n    },\n    {\n      \"Action\": [\n        \"s3:GetObject\",\n        \"s3:CreateBucket\",\n        \"s3:PutBucketPolicy\"\n      ],\n      \"Effect\": \"Allow\",\n      \"Resource\": \"arn:aws:s3::*:codepipeline-*\"\n    },\n    {\n      \"Action\": [\n        \"iam:PassRole\"\n      ],\n      \"Effect\": \"Allow\",\n      \"Resource\": [\n        \"arn:aws:iam::*:role/service-role/cwe-role-*\"\n      ],\n      \"Condition\": {\n        \"StringEquals\": {\n          \"iam:PassedToService\": [\n            \"events.amazonaws.com\"\n          ]\n        }\n      }\n    },\n    {\n      \"Action\": [\n        \"iam:PassRole\"\n      ],\n      \"Effect\": \"Allow\",\n      \"Resource\": \"*\",\n      \"Condition\": {\n        \"StringEquals\": {\n          \"iam:PassedToService\": [\n            \"codepipeline.amazonaws.com\"\n          ]\n        }\n      }\n    },\n    {\n      \"Action\": [\n        \"events:PutRule\",\n        \"events:PutTargets\",\n        \"events:DeleteRule\",\n        \"events:DisableRule\",\n        \"events:RemoveTargets\"\n      ],\n      \"Effect\": \"Allow\",\n      \"Resource\": [\n        \"arn:aws:events:*:*:rule/codepipeline-*\"\n      ]\n    },\n    {\n        \"Sid\": \"CodeStarNotificationsReadWriteAccess\",\n        \"Effect\": \"Allow\",\n        \"Action\": [\n            \"codestar-notifications:CreateNotificationRule\",\n            \"codestar-notifications:DescribeNotificationRule\",\n            \"codestar-notifications:UpdateNotificationRule\",\n            \"codestar-notifications:DeleteNotificationRule\",\n            \"codestar-notifications:Subscribe\",\n            \"codestar-notifications:Unsubscribe\"\n        ],\n        \"Resource\": \"*\",\n        \"Condition\" : {\n            \"StringLike\" : {\"codestar-notifications:NotificationsForResource\" : \"arn:aws:codepipeline:*\"} \n        }\n    },\n    {\n        \"Sid\": \"CodeStarNotificationsSNSTopicCreateAccess\",\n        \"Effect\": \"Allow\",\n        \"Action\": [\n            \"sns:CreateTopic\",\n            \"sns:SetTopicAttributes\"\n        ],\n        \"Resource\": \"arn:aws:sns:*:*:codestar-notifications*\"\n    },\n    {\n        \"Sid\": \"CodeStarNotificationsChatbotAccess\",\n        \"Effect\": \"Allow\",\n        \"Action\": [\n            \"chatbot:DescribeSlackChannelConfigurations\"\n        ],\n        \"Resource\": \"*\"\n    }\n  ],\n  \"Version\": \"2012-10-17\"\n}",
            "policy_id": "ANPAJP5LH77KSAT2KHQGG",
            "tags": {}
          },
          "sensitive_attributes": []
        }
      ]
    },
    {
      "mode": "managed",
      "type": "aws_iam_policy",
      "name": "cloudwatch_logs",
      "provider": "provider[\"registry.terraform.io/hashicorp/aws\"]",
      "instances": [
        {
          "schema_version": 0,
          "attributes": {
            "arn": "arn:aws:iam::978200889980:policy/logs_policy",
            "description": "Policy to create cloudwatch logs",
            "id": "arn:aws:iam::978200889980:policy/logs_policy",
            "name": "logs_policy",
            "name_prefix": null,
            "path": "/",
            "policy": "{\"Statement\":[{\"Action\":[\"logs:*\"],\"Effect\":\"Allow\",\"Resource\":[\"*\"]}],\"Version\":\"2012-10-17\"}",
            "policy_id": "ANPA6HQKRBJ6PE4GKGPNO",
            "tags": {},
            "tags_all": {}
          },
          "sensitive_attributes": [],
          "private": "bnVsbA=="
        }
      ]
    },
    {
      "mode": "managed",
      "type": "aws_iam_policy",
      "name": "codebuild_policy",
      "provider": "provider[\"registry.terraform.io/hashicorp/aws\"]",
      "instances": [
        {
          "schema_version": 0,
          "attributes": {
            "arn": "arn:aws:iam::978200889980:policy/codebuild_policy",
            "description": "Policy to access the infra codebuild project",
            "id": "arn:aws:iam::978200889980:policy/codebuild_policy",
            "name": "codebuild_policy",
            "name_prefix": null,
            "path": "/",
            "policy": "{\"Statement\":[{\"Action\":[\"codebuild:*\"],\"Effect\":\"Allow\",\"Resource\":[\"arn:aws:codebuild:eu-west-1:978200889980:project/infrastructure-build\",\"arn:aws:codebuild:eu-west-1:978200889980:project/infrastructure-build/*\",\"arn:aws:codebuild:eu-west-1:978200889980:project/security-review\",\"arn:aws:codebuild:eu-west-1:978200889980:project/security-review/*\"]}],\"Version\":\"2012-10-17\"}",
            "policy_id": "ANPA6HQKRBJ6NUCBX57DJ",
            "tags": {},
            "tags_all": {}
          },
          "sensitive_attributes": [],
          "private": "bnVsbA==",
          "dependencies": [
            "aws_iam_role.codebuild-role",
            "module.infra-build.aws_codebuild_project.build_project",
            "module.infra-build.aws_kms_key.codebuild_kms",
            "module.infra-build.data.aws_caller_identity.current",
            "module.infra-build.data.aws_iam_policy_document.kms_policy",
            "module.infra-build.data.aws_region.current",
            "module.security-build.aws_codebuild_project.build_project",
            "module.security-build.aws_kms_key.codebuild_kms",
            "module.security-build.data.aws_caller_identity.current",
            "module.security-build.data.aws_iam_policy_document.kms_policy",
            "module.security-build.data.aws_region.current"
          ]
        }
      ]
    },
    {
      "mode": "managed",
      "type": "aws_iam_policy",
      "name": "codecommit_policy",
      "provider": "provider[\"registry.terraform.io/hashicorp/aws\"]",
      "instances": [
        {
          "schema_version": 0,
          "attributes": {
            "arn": "arn:aws:iam::978200889980:policy/codecommit_repo_policy",
            "description": "Policy to access the infra codecommit repo",
            "id": "arn:aws:iam::978200889980:policy/codecommit_repo_policy",
            "name": "codecommit_repo_policy",
            "name_prefix": null,
            "path": "/",
            "policy": "{\"Statement\":[{\"Action\":[\"codecommit:*\"],\"Effect\":\"Allow\",\"Resource\":[\"arn:aws:codecommit:eu-west-1:978200889980:terraform-assets\",\"arn:aws:codecommit:eu-west-1:978200889980:terraform-assets/*\"]}],\"Version\":\"2012-10-17\"}",
            "policy_id": "ANPA6HQKRBJ6P7PUXMM74",
            "tags": {},
            "tags_all": {}
          },
          "sensitive_attributes": [],
          "private": "bnVsbA==",
          "dependencies": [
            "module.infra-cc.aws_codecommit_repository.infra-repo"
          ]
        }
      ]
    },
    {
      "mode": "managed",
      "type": "aws_iam_policy",
      "name": "s3_artifacts_policy",
      "provider": "provider[\"registry.terraform.io/hashicorp/aws\"]",
      "instances": [
        {
          "schema_version": 0,
          "attributes": {
            "arn": "arn:aws:iam::978200889980:policy/artifacts_bucket_policy",
            "description": "Policy to access the S3 bucket artifacts",
            "id": "arn:aws:iam::978200889980:policy/artifacts_bucket_policy",
            "name": "artifacts_bucket_policy",
            "name_prefix": null,
            "path": "/",
            "policy": "{\"Statement\":[{\"Action\":[\"s3:Get*\",\"s3:List*\",\"s3:Put*\"],\"Effect\":\"Allow\",\"Resource\":[\"arn:aws:s3:::terraform-20221109100934749200000001\",\"arn:aws:s3:::terraform-20221109100934749200000001/*\"]}],\"Version\":\"2012-10-17\"}",
            "policy_id": "ANPA6HQKRBJ6GHYFOBOD3",
            "tags": {},
            "tags_all": {}
          },
          "sensitive_attributes": [],
          "private": "bnVsbA==",
          "dependencies": [
            "module.infra-pipeline.aws_s3_bucket.codepipeline_bucket"
          ]
        }
      ]
    },
    {
      "mode": "managed",
      "type": "aws_iam_role",
      "name": "codebuild-role",
      "provider": "provider[\"registry.terraform.io/hashicorp/aws\"]",
      "instances": [
        {
          "schema_version": 0,
          "attributes": {
            "arn": "arn:aws:iam::978200889980:role/InfraCodeBuildRole",
            "assume_role_policy": "{\"Statement\":[{\"Action\":\"sts:AssumeRole\",\"Effect\":\"Allow\",\"Principal\":{\"Service\":\"codebuild.amazonaws.com\"},\"Sid\":\"\"}],\"Version\":\"2012-10-17\"}",
            "create_date": "2022-11-09T10:09:36Z",
            "description": "",
            "force_detach_policies": false,
            "id": "InfraCodeBuildRole",
            "inline_policy": [],
            "managed_policy_arns": [
              "arn:aws:iam::978200889980:policy/artifacts_bucket_policy",
              "arn:aws:iam::978200889980:policy/codecommit_repo_policy",
              "arn:aws:iam::978200889980:policy/logs_policy",
              "arn:aws:iam::aws:policy/AWSCodeBuildDeveloperAccess"
            ],
            "max_session_duration": 3600,
            "name": "InfraCodeBuildRole",
            "name_prefix": "",
            "path": "/",
            "permissions_boundary": null,
            "tags": {},
            "tags_all": {},
            "unique_id": "AROA6HQKRBJ6LSP7REB3P"
          },
          "sensitive_attributes": [],
          "private": "bnVsbA=="
        }
      ]
    },
    {
      "mode": "managed",
      "type": "aws_iam_role",
      "name": "codepipeline-role",
      "provider": "provider[\"registry.terraform.io/hashicorp/aws\"]",
      "instances": [
        {
          "schema_version": 0,
          "attributes": {
            "arn": "arn:aws:iam::978200889980:role/InfraCodePipelineRole",
            "assume_role_policy": "{\"Statement\":[{\"Action\":\"sts:AssumeRole\",\"Effect\":\"Allow\",\"Principal\":{\"Service\":\"codepipeline.amazonaws.com\"},\"Sid\":\"\"}],\"Version\":\"2012-10-17\"}",
            "create_date": "2022-11-09T10:09:36Z",
            "description": "",
            "force_detach_policies": false,
            "id": "InfraCodePipelineRole",
            "inline_policy": [],
            "managed_policy_arns": [
              "arn:aws:iam::978200889980:policy/artifacts_bucket_policy",
              "arn:aws:iam::978200889980:policy/codebuild_policy",
              "arn:aws:iam::978200889980:policy/codecommit_repo_policy",
              "arn:aws:iam::aws:policy/AWSCodePipelineFullAccess"
            ],
            "max_session_duration": 3600,
            "name": "InfraCodePipelineRole",
            "name_prefix": "",
            "path": "/",
            "permissions_boundary": null,
            "tags": {},
            "tags_all": {},
            "unique_id": "AROA6HQKRBJ6MWDTX2OAL"
          },
          "sensitive_attributes": [],
          "private": "bnVsbA=="
        }
      ]
    },
    {
      "mode": "managed",
      "type": "aws_iam_role",
      "name": "terraform-role",
      "provider": "provider[\"registry.terraform.io/hashicorp/aws\"]",
      "instances": [
        {
          "schema_version": 0,
          "attributes": {
            "arn": "arn:aws:iam::978200889980:role/Terraform-role",
            "assume_role_policy": "{\"Statement\":[{\"Action\":\"sts:AssumeRole\",\"Effect\":\"Allow\",\"Principal\":{\"AWS\":\"arn:aws:iam::978200889980:role/InfraCodeBuildRole\"},\"Sid\":\"\"}],\"Version\":\"2012-10-17\"}",
            "create_date": "2022-11-09T10:09:45Z",
            "description": "",
            "force_detach_policies": false,
            "id": "Terraform-role",
            "inline_policy": [
              {
                "name": "Terraform_policy",
                "policy": "{\n    \"Version\": \"2012-10-17\",\n    \"Statement\": [\n        {\n            \"Sid\": \"VisualEditor0\",\n            \"Effect\": \"Allow\",\n            \"Action\": [\n                \"acm:DeleteCertificate\",\n                \"acm:DescribeCertificate\",\n                \"acm:GetCertificate\",\n                \"acm:ImportCertificate\",\n                \"acm:ListTagsForCertificate\",\n                \"acm:RenewCertificate\",\n                \"acm:RequestCertificate\",                \n                \"dynamodb:CreateTable\",\n                \"dynamodb:DeleteItem\",\n                \"dynamodb:DeleteTable\",\n                \"dynamodb:UpdateTable\",\n                \"dynamodb:DescribeContinuousBackups\",\n                \"dynamodb:DescribeTable\",\n                \"dynamodb:DescribeTimeToLive\",\n                \"dynamodb:GetItem\",\n                \"dynamodb:ListTagsOfResource\",\n                \"dynamodb:PutItem\",\n                \"dynamodb:TagResource\",\n                \"dynamodb:UpdateItem\",\n                \"dynamodb:UpdateContinuousBackups\",\n                \"iam:AddRoleToInstanceProfile\",\n                \"iam:AttachRolePolicy\",\n                \"iam:CreateAccountAlias\",\n                \"iam:CreateInstanceProfile\",\n                \"iam:CreateOpenIDConnectProvider\",\n                \"iam:CreatePolicy\",\n                \"iam:CreateRole\",\n                \"iam:CreateServiceLinkedRole\",\n                \"iam:DeleteAccountAlias\",\n                \"iam:DeleteInstanceProfile\",\n                \"iam:DeleteOpenIDConnectProvider\",\n                \"iam:DeletePolicy\",\n                \"iam:DeletePolicyVersion\",\n                \"iam:DeleteRole\",\n                \"iam:DeleteRolePolicy\",\n                \"iam:DetachRolePolicy\",\n                \"iam:GetInstanceProfile\",\n                \"iam:GetOpenIDConnectProvider\",\n                \"iam:GetPolicy\",\n                \"iam:GetPolicyVersion\",\n                \"iam:GetRole\",\n                \"iam:GetRolePolicy\",\n                \"iam:ListAccountAliases\",\n                \"iam:ListAttachedRolePolicies\",\n                \"iam:ListInstanceProfilesForRole\",\n                \"iam:ListOpenIDConnectProviders\",\n                \"iam:ListPolicies\",\n                \"iam:ListPolicyVersions\",\n                \"iam:ListRolePolicies\",\n                \"iam:ListRoles\",\n                \"iam:PassRole\",\n                \"iam:PutRolePolicy\",\n                \"iam:PutUserPolicy\",\n                \"iam:RemoveRoleFromInstanceProfile\",\n                \"iam:TagInstanceProfile\",\n                \"iam:TagOpenIDConnectProvider\",\n                \"iam:TagPolicy\",\n                \"iam:TagRole\",\n                \"iam:UntagOpenIDConnectProvider\",\n                \"iam:UntagPolicy\",\n                \"iam:UntagRole\",\n                \"iam:UpdateRole\",\n                \"iam:CreatePolicyVersion\",\n                \"kms:CreateAlias\",\n                \"kms:CreateGrant\",\n                \"kms:CreateKey\",\n                \"kms:DeleteAlias\",\n                \"kms:DescribeKey\",\n                \"kms:DisableKey\",\n                \"kms:EnableKey\",\n                \"kms:EnableKeyRotation\",\n                \"kms:GenerateDataKey\",\n                \"kms:GenerateDataKeyWithoutPlaintext\",\n                \"kms:GetKeyPolicy\",\n                \"kms:GetKeyRotationStatus\",\n                \"kms:ListAliases\",\n                \"kms:ListKeyPolicies\",\n                \"kms:ListKeys\",\n                \"kms:ListResourceTags\",\n                \"kms:PutKeyPolicy\",\n                \"kms:ScheduleKeyDeletion\",\n                \"kms:TagResource\",\n                \"logs:CreateLogGroup\",\n                \"logs:DeleteLogGroup\",\n                \"logs:DescribeLogGroups\",\n                \"logs:ListTagsLogGroup\",\n                \"logs:PutRetentionPolicy\",\n                \"route53:AssociateVPCWithHostedZone\",\n                \"route53:ChangeResourceRecordSets\",\n                \"route53:CreateHostedZone\",\n                \"route53:DeleteHostedZone\",\n                \"route53:GetChange\",\n                \"route53:GetHostedZone\",\n                \"route53:ListHostedZones\",\n                \"route53:ListHostedZonesByName\",\n                \"route53:ListResourceRecordSets\",\n                \"route53:ListTagsForResource\",\n                \"route53:ListTagsForResources\",\n                \"s3:AbortMultipartUpload\",\n                \"s3:CreateBucket\",\n                \"s3:CreateJob\",\n                \"s3:DeleteBucket\",\n                \"s3:DeleteBucketPolicy\",\n                \"s3:DeleteObject\",\n                \"s3:DeleteObjectVersion\",\n                \"s3:Get*\",\n                \"s3:ListAllMyBuckets\",\n                \"s3:ListBucket\",\n                \"s3:ListBucketMultipartUploads\",\n                \"s3:ListMultipartUploadParts\",\n                \"s3:PutAccelerateConfiguration\",\n                \"s3:PutAccountPublicAccessBlock\",\n                \"s3:PutAnalyticsConfiguration\",\n                \"s3:PutBucketAcl\",\n                \"s3:PutBucketCORS\",\n                \"s3:PutBucketLogging\",\n                \"s3:PutBucketPolicy\",\n                \"s3:PutBucketPublicAccessBlock\",\n                \"s3:PutBucketTagging\",\n                \"s3:PutBucketVersioning\",\n                \"s3:PutBucketWebsite\",\n                \"s3:PutEncryptionConfiguration\",\n                \"s3:PutLifecycleConfiguration\",\n                \"s3:PutObject\",\n                \"s3:PutObjectRetention\",\n                \"lambda:CreateFunction\",\n                \"lambda:CreateAlias\",\n                \"lambda:UpdateAlias\",\n                \"lambda:Get*\",\n                \"lambda:ListVersionsByFunction\",\n                \"lambda:InvokeFunction\",\n                \"lambda:PublishVersion\",  \n                \"lambda:DeleteFunction\", \n                \"lambda:UpdateFunctionConfiguration\", \n                \"lambda:UpdateFunctionCode\", \n                \"lambda:Delete*\", \n                \"lambda:RemovePermission\",\n                \"lambda:AddPermission\",\n                \"events:DescribeEventBus\",\n                \"events:DeleteRule\",\n                \"events:DescribeRule\",\n                \"events:EnableRule\",\n                \"events:ListRules\",\n                \"events:Put*\",\n                \"events:CreateEventBus\",\n                \"events:RemoveTargets\",\n                \"apigateway:GET\",\n                \"apigateway:PUT\",\n                \"apigateway:PATCH\",\n                \"apigateway:DELETE\",\n                \"apigateway:POST\",\n                \"apigateway:SetWebACL\",\n                \"wafv2:CreateWebACL\",\n                \"wafv2:DeleteWebACL\",\n                \"wafv2:UpdateWebACL\",\n                \"wafv2:GetWebACL\",\n                \"wafv2:ListTagsForResource\",\n                \"wafv2:AssociateWebACL\",\n                \"wafv2:GetWebACLForResource\",\n                \"cloudfront:CreateDistribution\",\n                \"cloudfront:GetDistribution\",\n                \"cloudfront:UpdateDistribution\",\n                \"cloudfront:DeleteDistribution\",\n                \"cloudfront:CreateInvalidation\",\n                \"cloudfront:CreateCloudFrontOriginAccessIdentity\",\n                \"cloudfront:UpdateCloudFrontOriginAccessIdentity\",\n                \"cloudfront:DeleteCloudFrontOriginAccessIdentity\",\n                \"cloudfront:GetCloudFrontOriginAccessIdentity\",\n                \"cloudfront:ListTagsForResource\",\n                \"cloudfront:TagResource\",\n                \"cognito-idp:DescribeUserPool\",\n                \"cognito-idp:DescribeUserPoolClient\",\n                \"cognito-idp:CreateUserPoolClient\",\n                \"cognito-idp:CreateUserPool\",\n                \"cognito-idp:GetUserPoolMfaConfig\",\n                \"cognito-idp:UpdateUserPoolClient\",\n                \"cognito-idp:CreateUserPoolDomain\",\n                \"cognito-idp:DescribeUserPoolDomain\",\n                \"cognito-idp:DeleteUserPoolDomain\",\n                \"cognito-idp:DeleteUserPool\",\n                \"cognito-idp:DeleteUserPoolClient\",\n                \"cognito-idp:DeleteUserPoolDomain\",               \n                \"codebuild:BatchGetProjects\",\n                \"codebuild:UpdateProject\",\n                \"codebuild:CreateProject\",\n                \"codecommit:GetRepository\",\n                \"codepipeline:GetPipeline\",\n                \"codepipeline:UpdatePipeline\",\n                \"codepipeline:CreatePipeline\",\n                \"codecommit:ListTagsForResource\",\n                \"codecommit:CreateRepository\",\n                \"codepipeline:ListTagsForResource\",\n                \"codepipeline:CreatePipeline\",\n                \"events:ListTargetsByRule\",\n                \"wafv2:AssociateWebACL\",\n                \"wafv2:CreateIPSet\",\n                \"wafv2:CreateWebACL\",\n                \"wafv2:DeleteIPSet\",\n                \"wafv2:DeleteLoggingConfiguration\",\n                \"wafv2:DeleteWebACL\",\n                \"wafv2:DisassociateWebACL\",\n                \"wafv2:GetIPSet\",\n                \"wafv2:GetLoggingConfiguration\",\n                \"wafv2:GetWebACL\",\n                \"wafv2:ListIPSets\",\n                \"wafv2:ListWebACLs\",\n                \"wafv2:UpdateIPSet\",\n                \"wafv2:UpdateWebACL\",\n                \"codepipeline:DeletePipeline\",\n                \"kms:UpdateKeyDescription\",\n                \"codebuild:DeleteProject\",\n                \"codecommit:DeleteRepository\",\n                \"organizations:Describe*\",\n                \"organizations:List*\",\n                \"ecr:ListTagsForResource\"\n            ],\n            \"Resource\": \"*\"\n        }\n    ]\n}"
              }
            ],
            "managed_policy_arns": [],
            "max_session_duration": 3600,
            "name": "Terraform-role",
            "name_prefix": "",
            "path": "/",
            "permissions_boundary": null,
            "tags": {},
            "tags_all": {},
            "unique_id": "AROA6HQKRBJ6MWIULDU6Y"
          },
          "sensitive_attributes": [],
          "private": "bnVsbA==",
          "dependencies": [
            "aws_iam_role.codebuild-role"
          ]
        }
      ]
    },
    {
      "mode": "managed",
      "type": "aws_iam_role_policy",
      "name": "terraform-policy",
      "provider": "provider[\"registry.terraform.io/hashicorp/aws\"]",
      "instances": [
        {
          "schema_version": 0,
          "attributes": {
            "id": "Terraform-role:Terraform_policy",
            "name": "Terraform_policy",
            "name_prefix": null,
            "policy": "{\n    \"Version\": \"2012-10-17\",\n    \"Statement\": [\n        {\n            \"Sid\": \"VisualEditor0\",\n            \"Effect\": \"Allow\",\n            \"Action\": [\n                \"acm:DeleteCertificate\",\n                \"acm:DescribeCertificate\",\n                \"acm:GetCertificate\",\n                \"acm:ImportCertificate\",\n                \"acm:ListTagsForCertificate\",\n                \"acm:RenewCertificate\",\n                \"acm:RequestCertificate\",                \n                \"dynamodb:CreateTable\",\n                \"dynamodb:DeleteItem\",\n                \"dynamodb:DeleteTable\",\n                \"dynamodb:UpdateTable\",\n                \"dynamodb:DescribeContinuousBackups\",\n                \"dynamodb:DescribeTable\",\n                \"dynamodb:DescribeTimeToLive\",\n                \"dynamodb:GetItem\",\n                \"dynamodb:ListTagsOfResource\",\n                \"dynamodb:PutItem\",\n                \"dynamodb:TagResource\",\n                \"dynamodb:UpdateItem\",\n                \"dynamodb:UpdateContinuousBackups\",\n                \"iam:AddRoleToInstanceProfile\",\n                \"iam:AttachRolePolicy\",\n                \"iam:CreateAccountAlias\",\n                \"iam:CreateInstanceProfile\",\n                \"iam:CreateOpenIDConnectProvider\",\n                \"iam:CreatePolicy\",\n                \"iam:CreateRole\",\n                \"iam:CreateServiceLinkedRole\",\n                \"iam:DeleteAccountAlias\",\n                \"iam:DeleteInstanceProfile\",\n                \"iam:DeleteOpenIDConnectProvider\",\n                \"iam:DeletePolicy\",\n                \"iam:DeletePolicyVersion\",\n                \"iam:DeleteRole\",\n                \"iam:DeleteRolePolicy\",\n                \"iam:DetachRolePolicy\",\n                \"iam:GetInstanceProfile\",\n                \"iam:GetOpenIDConnectProvider\",\n                \"iam:GetPolicy\",\n                \"iam:GetPolicyVersion\",\n                \"iam:GetRole\",\n                \"iam:GetRolePolicy\",\n                \"iam:ListAccountAliases\",\n                \"iam:ListAttachedRolePolicies\",\n                \"iam:ListInstanceProfilesForRole\",\n                \"iam:ListOpenIDConnectProviders\",\n                \"iam:ListPolicies\",\n                \"iam:ListPolicyVersions\",\n                \"iam:ListRolePolicies\",\n                \"iam:ListRoles\",\n                \"iam:PassRole\",\n                \"iam:PutRolePolicy\",\n                \"iam:PutUserPolicy\",\n                \"iam:RemoveRoleFromInstanceProfile\",\n                \"iam:TagInstanceProfile\",\n                \"iam:TagOpenIDConnectProvider\",\n                \"iam:TagPolicy\",\n                \"iam:TagRole\",\n                \"iam:UntagOpenIDConnectProvider\",\n                \"iam:UntagPolicy\",\n                \"iam:UntagRole\",\n                \"iam:UpdateRole\",\n                \"iam:CreatePolicyVersion\",\n                \"kms:CreateAlias\",\n                \"kms:CreateGrant\",\n                \"kms:CreateKey\",\n                \"kms:DeleteAlias\",\n                \"kms:DescribeKey\",\n                \"kms:DisableKey\",\n                \"kms:EnableKey\",\n                \"kms:EnableKeyRotation\",\n                \"kms:GenerateDataKey\",\n                \"kms:GenerateDataKeyWithoutPlaintext\",\n                \"kms:GetKeyPolicy\",\n                \"kms:GetKeyRotationStatus\",\n                \"kms:ListAliases\",\n                \"kms:ListKeyPolicies\",\n                \"kms:ListKeys\",\n                \"kms:ListResourceTags\",\n                \"kms:PutKeyPolicy\",\n                \"kms:ScheduleKeyDeletion\",\n                \"kms:TagResource\",\n                \"logs:CreateLogGroup\",\n                \"logs:DeleteLogGroup\",\n                \"logs:DescribeLogGroups\",\n                \"logs:ListTagsLogGroup\",\n                \"logs:PutRetentionPolicy\",\n                \"route53:AssociateVPCWithHostedZone\",\n                \"route53:ChangeResourceRecordSets\",\n                \"route53:CreateHostedZone\",\n                \"route53:DeleteHostedZone\",\n                \"route53:GetChange\",\n                \"route53:GetHostedZone\",\n                \"route53:ListHostedZones\",\n                \"route53:ListHostedZonesByName\",\n                \"route53:ListResourceRecordSets\",\n                \"route53:ListTagsForResource\",\n                \"route53:ListTagsForResources\",\n                \"s3:AbortMultipartUpload\",\n                \"s3:CreateBucket\",\n                \"s3:CreateJob\",\n                \"s3:DeleteBucket\",\n                \"s3:DeleteBucketPolicy\",\n                \"s3:DeleteObject\",\n                \"s3:DeleteObjectVersion\",\n                \"s3:Get*\",\n                \"s3:ListAllMyBuckets\",\n                \"s3:ListBucket\",\n                \"s3:ListBucketMultipartUploads\",\n                \"s3:ListMultipartUploadParts\",\n                \"s3:PutAccelerateConfiguration\",\n                \"s3:PutAccountPublicAccessBlock\",\n                \"s3:PutAnalyticsConfiguration\",\n                \"s3:PutBucketAcl\",\n                \"s3:PutBucketCORS\",\n                \"s3:PutBucketLogging\",\n                \"s3:PutBucketPolicy\",\n                \"s3:PutBucketPublicAccessBlock\",\n                \"s3:PutBucketTagging\",\n                \"s3:PutBucketVersioning\",\n                \"s3:PutBucketWebsite\",\n                \"s3:PutEncryptionConfiguration\",\n                \"s3:PutLifecycleConfiguration\",\n                \"s3:PutObject\",\n                \"s3:PutObjectRetention\",\n                \"lambda:CreateFunction\",\n                \"lambda:CreateAlias\",\n                \"lambda:UpdateAlias\",\n                \"lambda:Get*\",\n                \"lambda:ListVersionsByFunction\",\n                \"lambda:InvokeFunction\",\n                \"lambda:PublishVersion\",  \n                \"lambda:DeleteFunction\", \n                \"lambda:UpdateFunctionConfiguration\", \n                \"lambda:UpdateFunctionCode\", \n                \"lambda:Delete*\", \n                \"lambda:RemovePermission\",\n                \"lambda:AddPermission\",\n                \"events:DescribeEventBus\",\n                \"events:DeleteRule\",\n                \"events:DescribeRule\",\n                \"events:EnableRule\",\n                \"events:ListRules\",\n                \"events:Put*\",\n                \"events:CreateEventBus\",\n                \"events:RemoveTargets\",\n                \"apigateway:GET\",\n                \"apigateway:PUT\",\n                \"apigateway:PATCH\",\n                \"apigateway:DELETE\",\n                \"apigateway:POST\",\n                \"apigateway:SetWebACL\",\n                \"wafv2:CreateWebACL\",\n                \"wafv2:DeleteWebACL\",\n                \"wafv2:UpdateWebACL\",\n                \"wafv2:GetWebACL\",\n                \"wafv2:ListTagsForResource\",\n                \"wafv2:AssociateWebACL\",\n                \"wafv2:GetWebACLForResource\",\n                \"cloudfront:CreateDistribution\",\n                \"cloudfront:GetDistribution\",\n                \"cloudfront:UpdateDistribution\",\n                \"cloudfront:DeleteDistribution\",\n                \"cloudfront:CreateInvalidation\",\n                \"cloudfront:CreateCloudFrontOriginAccessIdentity\",\n                \"cloudfront:UpdateCloudFrontOriginAccessIdentity\",\n                \"cloudfront:DeleteCloudFrontOriginAccessIdentity\",\n                \"cloudfront:GetCloudFrontOriginAccessIdentity\",\n                \"cloudfront:ListTagsForResource\",\n                \"cloudfront:TagResource\",\n                \"cognito-idp:DescribeUserPool\",\n                \"cognito-idp:DescribeUserPoolClient\",\n                \"cognito-idp:CreateUserPoolClient\",\n                \"cognito-idp:CreateUserPool\",\n                \"cognito-idp:GetUserPoolMfaConfig\",\n                \"cognito-idp:UpdateUserPoolClient\",\n                \"cognito-idp:CreateUserPoolDomain\",\n                \"cognito-idp:DescribeUserPoolDomain\",\n                \"cognito-idp:DeleteUserPoolDomain\",\n                \"cognito-idp:DeleteUserPool\",\n                \"cognito-idp:DeleteUserPoolClient\",\n                \"cognito-idp:DeleteUserPoolDomain\",               \n                \"codebuild:BatchGetProjects\",\n                \"codebuild:UpdateProject\",\n                \"codebuild:CreateProject\",\n                \"codecommit:GetRepository\",\n                \"codepipeline:GetPipeline\",\n                \"codepipeline:UpdatePipeline\",\n                \"codepipeline:CreatePipeline\",\n                \"codecommit:ListTagsForResource\",\n                \"codecommit:CreateRepository\",\n                \"codepipeline:ListTagsForResource\",\n                \"codepipeline:CreatePipeline\",\n                \"events:ListTargetsByRule\",\n                \"wafv2:AssociateWebACL\",\n                \"wafv2:CreateIPSet\",\n                \"wafv2:CreateWebACL\",\n                \"wafv2:DeleteIPSet\",\n                \"wafv2:DeleteLoggingConfiguration\",\n                \"wafv2:DeleteWebACL\",\n                \"wafv2:DisassociateWebACL\",\n                \"wafv2:GetIPSet\",\n                \"wafv2:GetLoggingConfiguration\",\n                \"wafv2:GetWebACL\",\n                \"wafv2:ListIPSets\",\n                \"wafv2:ListWebACLs\",\n                \"wafv2:UpdateIPSet\",\n                \"wafv2:UpdateWebACL\",\n                \"codepipeline:DeletePipeline\",\n                \"kms:UpdateKeyDescription\",\n                \"codebuild:DeleteProject\",\n                \"codecommit:DeleteRepository\",\n                \"organizations:Describe*\",\n                \"organizations:List*\",\n                \"ecr:ListTagsForResource\"\n            ],\n            \"Resource\": \"*\"\n        }\n    ]\n}",
            "role": "Terraform-role"
          },
          "sensitive_attributes": [],
          "private": "bnVsbA==",
          "dependencies": [
            "aws_iam_role.codebuild-role",
            "aws_iam_role.terraform-role"
          ]
        }
      ]
    },
    {
      "mode": "managed",
      "type": "aws_iam_role_policy_attachment",
      "name": "cb_attach_policy",
      "provider": "provider[\"registry.terraform.io/hashicorp/aws\"]",
      "instances": [
        {
          "schema_version": 0,
          "attributes": {
            "id": "InfraCodeBuildRole-20221109100937362500000005",
            "policy_arn": "arn:aws:iam::aws:policy/AWSCodeBuildDeveloperAccess",
            "role": "InfraCodeBuildRole"
          },
          "sensitive_attributes": [],
          "private": "bnVsbA==",
          "dependencies": [
            "aws_iam_role.codebuild-role",
            "data.aws_iam_policy.codebuild_dev_policy"
          ]
        }
      ]
    },
    {
      "mode": "managed",
      "type": "aws_iam_role_policy_attachment",
      "name": "cb_attach_policy_cc",
      "provider": "provider[\"registry.terraform.io/hashicorp/aws\"]",
      "instances": [
        {
          "schema_version": 0,
          "attributes": {
            "id": "InfraCodeBuildRole-20221109100937673700000007",
            "policy_arn": "arn:aws:iam::978200889980:policy/artifacts_bucket_policy",
            "role": "InfraCodeBuildRole"
          },
          "sensitive_attributes": [],
          "private": "bnVsbA==",
          "dependencies": [
            "aws_iam_policy.s3_artifacts_policy",
            "aws_iam_role.codebuild-role",
            "module.infra-pipeline.aws_s3_bucket.codepipeline_bucket"
          ]
        }
      ]
    },
    {
      "mode": "managed",
      "type": "aws_iam_role_policy_attachment",
      "name": "cb_attach_policy_s3",
      "provider": "provider[\"registry.terraform.io/hashicorp/aws\"]",
      "instances": [
        {
          "schema_version": 0,
          "attributes": {
            "id": "InfraCodeBuildRole-20221109100937215700000002",
            "policy_arn": "arn:aws:iam::978200889980:policy/codecommit_repo_policy",
            "role": "InfraCodeBuildRole"
          },
          "sensitive_attributes": [],
          "private": "bnVsbA==",
          "dependencies": [
            "aws_iam_policy.codecommit_policy",
            "aws_iam_role.codebuild-role",
            "module.infra-cc.aws_codecommit_repository.infra-repo"
          ]
        }
      ]
    },
    {
      "mode": "managed",
      "type": "aws_iam_role_policy_attachment",
      "name": "cp_attach_policy",
      "provider": "provider[\"registry.terraform.io/hashicorp/aws\"]",
      "instances": [
        {
          "schema_version": 0,
          "attributes": {
            "id": "InfraCodePipelineRole-20221109100937219000000004",
            "policy_arn": "arn:aws:iam::aws:policy/AWSCodePipelineFullAccess",
            "role": "InfraCodePipelineRole"
          },
          "sensitive_attributes": [],
          "private": "bnVsbA==",
          "dependencies": [
            "aws_iam_role.codepipeline-role",
            "data.aws_iam_policy.codepipeline_full_policy"
          ]
        }
      ]
    },
    {
      "mode": "managed",
      "type": "aws_iam_role_policy_attachment",
      "name": "cp_attach_policy_cb",
      "provider": "provider[\"registry.terraform.io/hashicorp/aws\"]",
      "instances": [
        {
          "schema_version": 0,
          "attributes": {
            "id": "InfraCodePipelineRole-20221109100948173800000009",
            "policy_arn": "arn:aws:iam::978200889980:policy/codebuild_policy",
            "role": "InfraCodePipelineRole"
          },
          "sensitive_attributes": [],
          "private": "bnVsbA==",
          "dependencies": [
            "aws_iam_policy.codebuild_policy",
            "aws_iam_role.codebuild-role",
            "aws_iam_role.codepipeline-role",
            "module.infra-build.aws_codebuild_project.build_project",
            "module.infra-build.aws_kms_key.codebuild_kms",
            "module.infra-build.data.aws_caller_identity.current",
            "module.infra-build.data.aws_iam_policy_document.kms_policy",
            "module.infra-build.data.aws_region.current",
            "module.security-build.aws_codebuild_project.build_project",
            "module.security-build.aws_kms_key.codebuild_kms",
            "module.security-build.data.aws_caller_identity.current",
            "module.security-build.data.aws_iam_policy_document.kms_policy",
            "module.security-build.data.aws_region.current"
          ]
        }
      ]
    },
    {
      "mode": "managed",
      "type": "aws_iam_role_policy_attachment",
      "name": "cp_attach_policy_cc",
      "provider": "provider[\"registry.terraform.io/hashicorp/aws\"]",
      "instances": [
        {
          "schema_version": 0,
          "attributes": {
            "id": "InfraCodePipelineRole-20221109100937676800000008",
            "policy_arn": "arn:aws:iam::978200889980:policy/artifacts_bucket_policy",
            "role": "InfraCodePipelineRole"
          },
          "sensitive_attributes": [],
          "private": "bnVsbA==",
          "dependencies": [
            "aws_iam_policy.s3_artifacts_policy",
            "aws_iam_role.codepipeline-role",
            "module.infra-pipeline.aws_s3_bucket.codepipeline_bucket"
          ]
        }
      ]
    },
    {
      "mode": "managed",
      "type": "aws_iam_role_policy_attachment",
      "name": "cp_attach_policy_logs",
      "provider": "provider[\"registry.terraform.io/hashicorp/aws\"]",
      "instances": [
        {
          "schema_version": 0,
          "attributes": {
            "id": "InfraCodeBuildRole-20221109100937218100000003",
            "policy_arn": "arn:aws:iam::978200889980:policy/logs_policy",
            "role": "InfraCodeBuildRole"
          },
          "sensitive_attributes": [],
          "private": "bnVsbA==",
          "dependencies": [
            "aws_iam_policy.cloudwatch_logs",
            "aws_iam_role.codebuild-role"
          ]
        }
      ]
    },
    {
      "mode": "managed",
      "type": "aws_iam_role_policy_attachment",
      "name": "cp_attach_policy_s3",
      "provider": "provider[\"registry.terraform.io/hashicorp/aws\"]",
      "instances": [
        {
          "schema_version": 0,
          "attributes": {
            "id": "InfraCodePipelineRole-20221109100937475900000006",
            "policy_arn": "arn:aws:iam::978200889980:policy/codecommit_repo_policy",
            "role": "InfraCodePipelineRole"
          },
          "sensitive_attributes": [],
          "private": "bnVsbA==",
          "dependencies": [
            "aws_iam_policy.codecommit_policy",
            "aws_iam_role.codepipeline-role",
            "module.infra-cc.aws_codecommit_repository.infra-repo"
          ]
        }
      ]
    },
    {
      "mode": "managed",
      "type": "aws_iam_service_specific_credential",
      "name": "code_commit",
      "provider": "provider[\"registry.terraform.io/hashicorp/aws\"]",
      "instances": [
        {
          "schema_version": 0,
          "attributes": {
            "id": "codecommit.amazonaws.com:gitlab-user:ACCA6HQKRBJ6EQ253Y7TF",
            "service_name": "codecommit.amazonaws.com",
            "service_password": "KhWt8rxxR48gtoh5WSatFmeYRlT+KYnpuXzzyalN7e8=",
            "service_specific_credential_id": "ACCA6HQKRBJ6EQ253Y7TF",
            "service_user_name": "gitlab-user-at-978200889980",
            "status": "Active",
            "user_name": "gitlab-user"
          },
          "sensitive_attributes": [],
          "private": "bnVsbA==",
          "dependencies": [
            "aws_iam_user.gitlab_user"
          ]
        }
      ]
    },
    {
      "mode": "managed",
      "type": "aws_iam_user",
      "name": "gitlab_user",
      "provider": "provider[\"registry.terraform.io/hashicorp/aws\"]",
      "instances": [
        {
          "schema_version": 0,
          "attributes": {
            "arn": "arn:aws:iam::978200889980:user/gitlab-user",
            "force_destroy": false,
            "id": "gitlab-user",
            "name": "gitlab-user",
            "path": "/",
            "permissions_boundary": null,
            "tags": {},
            "tags_all": {},
            "unique_id": "AIDA6HQKRBJ6GIORDMS6C"
          },
          "sensitive_attributes": [],
          "private": "bnVsbA=="
        }
      ]
    },
    {
      "mode": "managed",
      "type": "aws_iam_user_policy",
      "name": "accesspolicy",
      "provider": "provider[\"registry.terraform.io/hashicorp/aws\"]",
      "instances": [
        {
          "schema_version": 0,
          "attributes": {
            "id": "gitlab-user:CodeCommit_Access_Policy",
            "name": "CodeCommit_Access_Policy",
            "name_prefix": null,
            "policy": "{\"Statement\":[{\"Action\":[\"codecommit:BatchGet*\",\"codecommit:BatchDescribe*\",\"codecommit:Describe*\",\"codecommit:EvaluatePullRequestApprovalRules\",\"codecommit:Get*\",\"codecommit:List*\",\"codecommit:Git*\"],\"Effect\":\"Allow\",\"Resource\":\"arn:aws:codecommit:eu-west-1:978200889980:terraform-assets\"}],\"Version\":\"2012-10-17\"}",
            "user": "gitlab-user"
          },
          "sensitive_attributes": [],
          "private": "bnVsbA==",
          "dependencies": [
            "aws_iam_user.gitlab_user",
            "module.infra-cc.aws_codecommit_repository.infra-repo"
          ]
        }
      ]
    },
    {
      "module": "module.infra-build",
      "mode": "data",
      "type": "aws_caller_identity",
      "name": "current",
      "provider": "provider[\"registry.terraform.io/hashicorp/aws\"]",
      "instances": [
        {
          "schema_version": 0,
          "attributes": {
            "account_id": "978200889980",
            "arn": "arn:aws:sts::978200889980:assumed-role/Administrator/mkaluz-Isengard",
            "id": "978200889980",
            "user_id": "AROA6HQKRBJ6I3EGFZFYT:mkaluz-Isengard"
          },
          "sensitive_attributes": []
        }
      ]
    },
    {
      "module": "module.infra-build",
      "mode": "data",
      "type": "aws_iam_policy_document",
      "name": "kms_policy",
      "provider": "provider[\"registry.terraform.io/hashicorp/aws\"]",
      "instances": [
        {
          "schema_version": 0,
          "attributes": {
            "id": "597070195",
            "json": "{\n  \"Version\": \"2012-10-17\",\n  \"Statement\": [\n    {\n      \"Sid\": \"1\",\n      \"Effect\": \"Allow\",\n      \"Action\": \"kms:*\",\n      \"Resource\": \"*\",\n      \"Principal\": {\n        \"AWS\": \"arn:aws:iam::978200889980:root\"\n      }\n    },\n    {\n      \"Sid\": \"2\",\n      \"Effect\": \"Allow\",\n      \"Action\": [\n        \"kms:ReEncrypt*\",\n        \"kms:GenerateDataKey*\",\n        \"kms:Encrypt*\",\n        \"kms:Describe*\",\n        \"kms:Decrypt*\"\n      ],\n      \"Resource\": \"*\",\n      \"Principal\": {\n        \"Service\": \"codebuild.eu-west-1.amazonaws.com\"\n      }\n    }\n  ]\n}",
            "override_json": null,
            "override_policy_documents": null,
            "policy_id": null,
            "source_json": null,
            "source_policy_documents": null,
            "statement": [
              {
                "actions": [
                  "kms:*"
                ],
                "condition": [],
                "effect": "Allow",
                "not_actions": [],
                "not_principals": [],
                "not_resources": [],
                "principals": [
                  {
                    "identifiers": [
                      "arn:aws:iam::978200889980:root"
                    ],
                    "type": "AWS"
                  }
                ],
                "resources": [
                  "*"
                ],
                "sid": "1"
              },
              {
                "actions": [
                  "kms:Decrypt*",
                  "kms:Describe*",
                  "kms:Encrypt*",
                  "kms:GenerateDataKey*",
                  "kms:ReEncrypt*"
                ],
                "condition": [],
                "effect": "Allow",
                "not_actions": [],
                "not_principals": [],
                "not_resources": [],
                "principals": [
                  {
                    "identifiers": [
                      "codebuild.eu-west-1.amazonaws.com"
                    ],
                    "type": "Service"
                  }
                ],
                "resources": [
                  "*"
                ],
                "sid": "2"
              }
            ],
            "version": "2012-10-17"
          },
          "sensitive_attributes": []
        }
      ]
    },
    {
      "module": "module.infra-build",
      "mode": "data",
      "type": "aws_region",
      "name": "current",
      "provider": "provider[\"registry.terraform.io/hashicorp/aws\"]",
      "instances": [
        {
          "schema_version": 0,
          "attributes": {
            "description": "Europe (Ireland)",
            "endpoint": "ec2.eu-west-1.amazonaws.com",
            "id": "eu-west-1",
            "name": "eu-west-1"
          },
          "sensitive_attributes": []
        }
      ]
    },
    {
      "module": "module.infra-build",
      "mode": "managed",
      "type": "aws_codebuild_project",
      "name": "build_project",
      "provider": "provider[\"registry.terraform.io/hashicorp/aws\"]",
      "instances": [
        {
          "schema_version": 0,
          "attributes": {
            "arn": "arn:aws:codebuild:eu-west-1:978200889980:project/infrastructure-build",
            "artifacts": [
              {
                "artifact_identifier": "",
                "bucket_owner_access": "",
                "encryption_disabled": false,
                "location": "",
                "name": "",
                "namespace_type": "",
                "override_artifact_name": false,
                "packaging": "",
                "path": "",
                "type": "NO_ARTIFACTS"
              }
            ],
            "badge_enabled": false,
            "badge_url": "",
            "build_batch_config": [],
            "build_timeout": 60,
            "cache": [
              {
                "location": "",
                "modes": [],
                "type": "NO_CACHE"
              }
            ],
            "concurrent_build_limit": 0,
            "description": "",
            "encryption_key": "arn:aws:kms:eu-west-1:978200889980:key/87a56610-37fb-4e51-a82e-365f184b7a9a",
            "environment": [
              {
                "certificate": "",
                "compute_type": "BUILD_GENERAL1_SMALL",
                "environment_variable": [],
                "image": "aws/codebuild/amazonlinux2-x86_64-standard:2.0",
                "image_pull_credentials_type": "CODEBUILD",
                "privileged_mode": true,
                "registry_credential": [],
                "type": "LINUX_CONTAINER"
              }
            ],
            "file_system_locations": [],
            "id": "arn:aws:codebuild:eu-west-1:978200889980:project/infrastructure-build",
            "logs_config": [
              {
                "cloudwatch_logs": [
                  {
                    "group_name": "infrastructure-build-log-group",
                    "status": "ENABLED",
                    "stream_name": ""
                  }
                ],
                "s3_logs": [
                  {
                    "bucket_owner_access": "",
                    "encryption_disabled": false,
                    "location": "",
                    "status": "DISABLED"
                  }
                ]
              }
            ],
            "name": "infrastructure-build",
            "project_visibility": "PRIVATE",
            "public_project_alias": "",
            "queued_timeout": 480,
            "resource_access_role": "",
            "secondary_artifacts": [],
            "secondary_source_version": [],
            "secondary_sources": [],
            "service_role": "arn:aws:iam::978200889980:role/InfraCodeBuildRole",
            "source": [
              {
                "auth": [],
                "build_status_config": [],
                "buildspec": "buildspec.yml",
                "git_clone_depth": 0,
                "git_submodules_config": [],
                "insecure_ssl": false,
                "location": "terraform-assets",
                "report_build_status": false,
                "type": "CODECOMMIT"
              }
            ],
            "source_version": "",
            "tags": {},
            "tags_all": {},
            "vpc_config": []
          },
          "sensitive_attributes": [],
          "private": "bnVsbA==",
          "dependencies": [
            "aws_iam_role.codebuild-role",
            "module.infra-build.aws_kms_key.codebuild_kms",
            "module.infra-build.data.aws_caller_identity.current",
            "module.infra-build.data.aws_iam_policy_document.kms_policy",
            "module.infra-build.data.aws_region.current"
          ]
        }
      ]
    },
    {
      "module": "module.infra-build",
      "mode": "managed",
      "type": "aws_kms_key",
      "name": "codebuild_kms",
      "provider": "provider[\"registry.terraform.io/hashicorp/aws\"]",
      "instances": [
        {
          "schema_version": 0,
          "attributes": {
            "arn": "arn:aws:kms:eu-west-1:978200889980:key/87a56610-37fb-4e51-a82e-365f184b7a9a",
            "bypass_policy_lockout_safety_check": false,
            "custom_key_store_id": "",
            "customer_master_key_spec": "SYMMETRIC_DEFAULT",
            "deletion_window_in_days": 10,
            "description": "infrastructure-build-kmskey",
            "enable_key_rotation": true,
            "id": "87a56610-37fb-4e51-a82e-365f184b7a9a",
            "is_enabled": true,
            "key_id": "87a56610-37fb-4e51-a82e-365f184b7a9a",
            "key_usage": "ENCRYPT_DECRYPT",
            "multi_region": false,
            "policy": "{\n  \"Version\": \"2012-10-17\",\n  \"Statement\": [\n    {\n      \"Sid\": \"1\",\n      \"Effect\": \"Allow\",\n      \"Action\": \"kms:*\",\n      \"Resource\": \"*\",\n      \"Principal\": {\n        \"AWS\": \"arn:aws:iam::978200889980:root\"\n      }\n    },\n    {\n      \"Sid\": \"2\",\n      \"Effect\": \"Allow\",\n      \"Action\": [\n        \"kms:ReEncrypt*\",\n        \"kms:GenerateDataKey*\",\n        \"kms:Encrypt*\",\n        \"kms:Describe*\",\n        \"kms:Decrypt*\"\n      ],\n      \"Resource\": \"*\",\n      \"Principal\": {\n        \"Service\": \"codebuild.eu-west-1.amazonaws.com\"\n      }\n    }\n  ]\n}",
            "tags": {},
            "tags_all": {}
          },
          "sensitive_attributes": [],
          "private": "bnVsbA==",
          "dependencies": [
            "module.infra-build.data.aws_caller_identity.current",
            "module.infra-build.data.aws_iam_policy_document.kms_policy",
            "module.infra-build.data.aws_region.current"
          ]
        }
      ]
    },
    {
      "module": "module.infra-cc",
      "mode": "managed",
      "type": "aws_codecommit_repository",
      "name": "infra-repo",
      "provider": "provider[\"registry.terraform.io/hashicorp/aws\"]",
      "instances": [
        {
          "schema_version": 0,
          "attributes": {
            "arn": "arn:aws:codecommit:eu-west-1:978200889980:terraform-assets",
            "clone_url_http": "https://git-codecommit.eu-west-1.amazonaws.com/v1/repos/terraform-assets",
            "clone_url_ssh": "ssh://git-codecommit.eu-west-1.amazonaws.com/v1/repos/terraform-assets",
            "default_branch": null,
            "description": "This is the Infra Repository",
            "id": "terraform-assets",
            "repository_id": "840ac9f2-cc00-4d8d-8819-376f78ead5bd",
            "repository_name": "terraform-assets",
            "tags": {},
            "tags_all": {}
          },
          "sensitive_attributes": [],
          "private": "bnVsbA=="
        }
      ]
    },
    {
      "module": "module.infra-eventbridge",
      "mode": "data",
      "type": "aws_iam_policy_document",
      "name": "event_target_start_infra_pipeline",
      "provider": "provider[\"registry.terraform.io/hashicorp/aws\"]",
      "instances": [
        {
          "schema_version": 0,
          "attributes": {
            "id": "1765348545",
            "json": "{\n  \"Version\": \"2012-10-17\",\n  \"Statement\": [\n    {\n      \"Sid\": \"\",\n      \"Effect\": \"Allow\",\n      \"Action\": \"codepipeline:StartPipelineExecution\",\n      \"Resource\": \"arn:aws:codepipeline:eu-west-1:978200889980:cicd-infra-pipeline\"\n    }\n  ]\n}",
            "override_json": null,
            "override_policy_documents": null,
            "policy_id": null,
            "source_json": null,
            "source_policy_documents": null,
            "statement": [
              {
                "actions": [
                  "codepipeline:StartPipelineExecution"
                ],
                "condition": [],
                "effect": "Allow",
                "not_actions": [],
                "not_principals": [],
                "not_resources": [],
                "principals": [],
                "resources": [
                  "arn:aws:codepipeline:eu-west-1:978200889980:cicd-infra-pipeline"
                ],
                "sid": ""
              }
            ],
            "version": "2012-10-17"
          },
          "sensitive_attributes": []
        }
      ]
    },
    {
      "module": "module.infra-eventbridge",
      "mode": "managed",
      "type": "aws_cloudwatch_event_rule",
      "name": "cicd-infra-trigger",
      "provider": "provider[\"registry.terraform.io/hashicorp/aws\"]",
      "instances": [
        {
          "schema_version": 0,
          "attributes": {
            "arn": "arn:aws:events:eu-west-1:978200889980:rule/cicd-infra-trigger",
            "description": "Event to automatically start your pipeline when a change occurs in the AWS CodeCommit source repository and branch. Deleting this may prevent changes from being detected in that pipeline. Read more: http://docs.aws.amazon.com/codepipeline/latest/userguide/pipelines-about-starting.html",
            "event_bus_name": "default",
            "event_pattern": "{\"detail\":{\"event\":[\"referenceCreated\",\"referenceUpdated\"],\"referenceName\":[\"main\"],\"referenceType\":[\"branch\"]},\"detail-type\":[\"CodeCommit Repository State Change\"],\"resources\":[\"arn:aws:codecommit:eu-west-1:978200889980:terraform-assets\"],\"source\":[\"aws.codecommit\"]}",
            "id": "cicd-infra-trigger",
            "is_enabled": true,
            "name": "cicd-infra-trigger",
            "name_prefix": "",
            "role_arn": "",
            "schedule_expression": "",
            "tags": {},
            "tags_all": {}
          },
          "sensitive_attributes": [],
          "private": "bnVsbA==",
          "dependencies": [
            "module.infra-cc.aws_codecommit_repository.infra-repo"
          ]
        }
      ]
    },
    {
      "module": "module.infra-eventbridge",
      "mode": "managed",
      "type": "aws_cloudwatch_event_target",
      "name": "cicd-infra-codepipeline",
      "provider": "provider[\"registry.terraform.io/hashicorp/aws\"]",
      "instances": [
        {
          "schema_version": 1,
          "attributes": {
            "arn": "arn:aws:codepipeline:eu-west-1:978200889980:cicd-infra-pipeline",
            "batch_target": [],
            "dead_letter_config": [],
            "ecs_target": [],
            "event_bus_name": "default",
            "http_target": [],
            "id": "cicd-infra-trigger-TriggerCodePipeline",
            "input": "",
            "input_path": "",
            "input_transformer": [],
            "kinesis_target": [],
            "redshift_target": [],
            "retry_policy": [],
            "role_arn": "arn:aws:iam::978200889980:role/event_target_start_infra_pipeline",
            "rule": "cicd-infra-trigger",
            "run_command_targets": [],
            "sqs_target": [],
            "target_id": "TriggerCodePipeline"
          },
          "sensitive_attributes": [],
          "private": "eyJzY2hlbWFfdmVyc2lvbiI6IjEifQ==",
          "dependencies": [
            "aws_iam_role.codebuild-role",
            "aws_iam_role.codepipeline-role",
            "aws_iam_role.terraform-role",
            "module.infra-build.aws_codebuild_project.build_project",
            "module.infra-build.aws_kms_key.codebuild_kms",
            "module.infra-build.data.aws_caller_identity.current",
            "module.infra-build.data.aws_iam_policy_document.kms_policy",
            "module.infra-build.data.aws_region.current",
            "module.infra-cc.aws_codecommit_repository.infra-repo",
            "module.infra-eventbridge.aws_cloudwatch_event_rule.cicd-infra-trigger",
            "module.infra-eventbridge.aws_iam_role.event_target_start_infra_pipeline",
            "module.infra-pipeline.aws_codepipeline.codepipeline",
            "module.infra-pipeline.aws_s3_bucket.codepipeline_bucket",
            "module.infra-pipeline.data.aws_caller_identity.current",
            "module.security-build.aws_codebuild_project.build_project",
            "module.security-build.aws_kms_key.codebuild_kms",
            "module.security-build.data.aws_caller_identity.current",
            "module.security-build.data.aws_iam_policy_document.kms_policy",
            "module.security-build.data.aws_region.current"
          ]
        }
      ]
    },
    {
      "module": "module.infra-eventbridge",
      "mode": "managed",
      "type": "aws_iam_policy",
      "name": "event_target_start_infra_pipeline",
      "provider": "provider[\"registry.terraform.io/hashicorp/aws\"]",
      "instances": [
        {
          "schema_version": 0,
          "attributes": {
            "arn": "arn:aws:iam::978200889980:policy/event_target_start_infra_pipeline",
            "description": "",
            "id": "arn:aws:iam::978200889980:policy/event_target_start_infra_pipeline",
            "name": "event_target_start_infra_pipeline",
            "name_prefix": null,
            "path": "/",
            "policy": "{\"Statement\":[{\"Action\":\"codepipeline:StartPipelineExecution\",\"Effect\":\"Allow\",\"Resource\":\"arn:aws:codepipeline:eu-west-1:978200889980:cicd-infra-pipeline\",\"Sid\":\"\"}],\"Version\":\"2012-10-17\"}",
            "policy_id": "ANPA6HQKRBJ6API2BS3JA",
            "tags": {},
            "tags_all": {}
          },
          "sensitive_attributes": [],
          "private": "bnVsbA==",
          "dependencies": [
            "aws_iam_role.codebuild-role",
            "aws_iam_role.codepipeline-role",
            "aws_iam_role.terraform-role",
            "module.infra-build.aws_codebuild_project.build_project",
            "module.infra-build.aws_kms_key.codebuild_kms",
            "module.infra-build.data.aws_caller_identity.current",
            "module.infra-build.data.aws_iam_policy_document.kms_policy",
            "module.infra-build.data.aws_region.current",
            "module.infra-eventbridge.data.aws_iam_policy_document.event_target_start_infra_pipeline",
            "module.infra-pipeline.aws_codepipeline.codepipeline",
            "module.infra-pipeline.aws_s3_bucket.codepipeline_bucket",
            "module.infra-pipeline.data.aws_caller_identity.current",
            "module.security-build.aws_codebuild_project.build_project",
            "module.security-build.aws_kms_key.codebuild_kms",
            "module.security-build.data.aws_caller_identity.current",
            "module.security-build.data.aws_iam_policy_document.kms_policy",
            "module.security-build.data.aws_region.current"
          ]
        }
      ]
    },
    {
      "module": "module.infra-eventbridge",
      "mode": "managed",
      "type": "aws_iam_role",
      "name": "event_target_start_infra_pipeline",
      "provider": "provider[\"registry.terraform.io/hashicorp/aws\"]",
      "instances": [
        {
          "schema_version": 0,
          "attributes": {
            "arn": "arn:aws:iam::978200889980:role/event_target_start_infra_pipeline",
            "assume_role_policy": "{\"Statement\":[{\"Action\":\"sts:AssumeRole\",\"Effect\":\"Allow\",\"Principal\":{\"Service\":\"events.amazonaws.com\"}}],\"Version\":\"2012-10-17\"}",
            "create_date": "2022-11-09T10:09:36Z",
            "description": "",
            "force_detach_policies": false,
            "id": "event_target_start_infra_pipeline",
            "inline_policy": [],
            "managed_policy_arns": [
              "arn:aws:iam::978200889980:policy/event_target_start_infra_pipeline"
            ],
            "max_session_duration": 3600,
            "name": "event_target_start_infra_pipeline",
            "name_prefix": "",
            "path": "/",
            "permissions_boundary": null,
            "tags": {},
            "tags_all": {},
            "unique_id": "AROA6HQKRBJ6LICEOFXHG"
          },
          "sensitive_attributes": [],
          "private": "bnVsbA=="
        }
      ]
    },
    {
      "module": "module.infra-eventbridge",
      "mode": "managed",
      "type": "aws_iam_role_policy_attachment",
      "name": "event_target_start_infra_pipeline",
      "provider": "provider[\"registry.terraform.io/hashicorp/aws\"]",
      "instances": [
        {
          "schema_version": 0,
          "attributes": {
            "id": "event_target_start_infra_pipeline-2022110910094982190000000a",
            "policy_arn": "arn:aws:iam::978200889980:policy/event_target_start_infra_pipeline",
            "role": "event_target_start_infra_pipeline"
          },
          "sensitive_attributes": [],
          "private": "bnVsbA==",
          "dependencies": [
            "aws_iam_role.codebuild-role",
            "aws_iam_role.codepipeline-role",
            "aws_iam_role.terraform-role",
            "module.infra-build.aws_codebuild_project.build_project",
            "module.infra-build.aws_kms_key.codebuild_kms",
            "module.infra-build.data.aws_caller_identity.current",
            "module.infra-build.data.aws_iam_policy_document.kms_policy",
            "module.infra-build.data.aws_region.current",
            "module.infra-eventbridge.aws_iam_policy.event_target_start_infra_pipeline",
            "module.infra-eventbridge.aws_iam_role.event_target_start_infra_pipeline",
            "module.infra-eventbridge.data.aws_iam_policy_document.event_target_start_infra_pipeline",
            "module.infra-pipeline.aws_codepipeline.codepipeline",
            "module.infra-pipeline.aws_s3_bucket.codepipeline_bucket",
            "module.infra-pipeline.data.aws_caller_identity.current",
            "module.security-build.aws_codebuild_project.build_project",
            "module.security-build.aws_kms_key.codebuild_kms",
            "module.security-build.data.aws_caller_identity.current",
            "module.security-build.data.aws_iam_policy_document.kms_policy",
            "module.security-build.data.aws_region.current"
          ]
        }
      ]
    },
    {
      "module": "module.infra-pipeline",
      "mode": "data",
      "type": "aws_caller_identity",
      "name": "current",
      "provider": "provider[\"registry.terraform.io/hashicorp/aws\"]",
      "instances": [
        {
          "schema_version": 0,
          "attributes": {
            "account_id": "978200889980",
            "arn": "arn:aws:sts::978200889980:assumed-role/Administrator/mkaluz-Isengard",
            "id": "978200889980",
            "user_id": "AROA6HQKRBJ6I3EGFZFYT:mkaluz-Isengard"
          },
          "sensitive_attributes": []
        }
      ]
    },
    {
      "module": "module.infra-pipeline",
      "mode": "managed",
      "type": "aws_codepipeline",
      "name": "codepipeline",
      "provider": "provider[\"registry.terraform.io/hashicorp/aws\"]",
      "instances": [
        {
          "schema_version": 0,
          "attributes": {
            "arn": "arn:aws:codepipeline:eu-west-1:978200889980:cicd-infra-pipeline",
            "artifact_store": [
              {
                "encryption_key": [],
                "location": "terraform-20221109100934749200000001",
                "region": "",
                "type": "S3"
              }
            ],
            "id": "cicd-infra-pipeline",
            "name": "cicd-infra-pipeline",
            "role_arn": "arn:aws:iam::978200889980:role/InfraCodePipelineRole",
            "stage": [
              {
                "action": [
                  {
                    "category": "Source",
                    "configuration": {
                      "BranchName": "main",
                      "PollForSourceChanges": "false",
                      "RepositoryName": "terraform-assets"
                    },
                    "input_artifacts": [],
                    "name": "Source",
                    "namespace": "",
                    "output_artifacts": [
                      "SourceArtifacts"
                    ],
                    "owner": "AWS",
                    "provider": "CodeCommit",
                    "region": "",
                    "role_arn": "",
                    "run_order": 1,
                    "version": "1"
                  }
                ],
                "name": "Source"
              },
              {
                "action": [
                  {
                    "category": "Build",
                    "configuration": {
                      "EnvironmentVariables": "[{\"name\":\"AWS_ACCOUNT_ID\",\"value\":\"978200889980\"}]",
                      "ProjectName": "arn:aws:codebuild:eu-west-1:978200889980:project/security-review"
                    },
                    "input_artifacts": [
                      "SourceArtifacts"
                    ],
                    "name": "SecurityReview",
                    "namespace": "",
                    "output_artifacts": [],
                    "owner": "AWS",
                    "provider": "CodeBuild",
                    "region": "",
                    "role_arn": "",
                    "run_order": 1,
                    "version": "1"
                  }
                ],
                "name": "SecurityScan"
              },
              {
                "action": [
                  {
                    "category": "Build",
                    "configuration": {
                      "EnvironmentVariables": "[{\"name\":\"AWS_ACCOUNT_ID\",\"value\":\"978200889980\"},{\"name\":\"TERRAFORM_ROLE\",\"value\":\"arn:aws:iam::978200889980:role/Terraform-role\"}]",
                      "ProjectName": "arn:aws:codebuild:eu-west-1:978200889980:project/infrastructure-build"
                    },
                    "input_artifacts": [
                      "SourceArtifacts"
                    ],
                    "name": "BuildInfra",
                    "namespace": "",
                    "output_artifacts": [],
                    "owner": "AWS",
                    "provider": "CodeBuild",
                    "region": "",
                    "role_arn": "",
                    "run_order": 2,
                    "version": "1"
                  }
                ],
                "name": "Build"
              }
            ],
            "tags": {},
            "tags_all": {}
          },
          "sensitive_attributes": [],
          "private": "bnVsbA==",
          "dependencies": [
            "aws_iam_role.codebuild-role",
            "aws_iam_role.codepipeline-role",
            "aws_iam_role.terraform-role",
            "module.infra-build.aws_codebuild_project.build_project",
            "module.infra-build.aws_kms_key.codebuild_kms",
            "module.infra-build.data.aws_caller_identity.current",
            "module.infra-build.data.aws_iam_policy_document.kms_policy",
            "module.infra-build.data.aws_region.current",
            "module.infra-pipeline.aws_s3_bucket.codepipeline_bucket",
            "module.infra-pipeline.data.aws_caller_identity.current",
            "module.security-build.aws_codebuild_project.build_project",
            "module.security-build.aws_kms_key.codebuild_kms",
            "module.security-build.data.aws_caller_identity.current",
            "module.security-build.data.aws_iam_policy_document.kms_policy",
            "module.security-build.data.aws_region.current"
          ]
        }
      ]
    },
    {
      "module": "module.infra-pipeline",
      "mode": "managed",
      "type": "aws_s3_bucket",
      "name": "codepipeline_bucket",
      "provider": "provider[\"registry.terraform.io/hashicorp/aws\"]",
      "instances": [
        {
          "schema_version": 0,
          "attributes": {
            "acceleration_status": "",
            "acl": null,
            "arn": "arn:aws:s3:::terraform-20221109100934749200000001",
            "bucket": "terraform-20221109100934749200000001",
            "bucket_domain_name": "terraform-20221109100934749200000001.s3.amazonaws.com",
            "bucket_prefix": null,
            "bucket_regional_domain_name": "terraform-20221109100934749200000001.s3.eu-west-1.amazonaws.com",
            "cors_rule": [],
            "force_destroy": false,
            "grant": [
              {
                "id": "ad160b17cbfc6df06fe80c405a511c05ef98209ace70174d4c00b8a2c882e80b",
                "permissions": [
                  "FULL_CONTROL"
                ],
                "type": "CanonicalUser",
                "uri": ""
              }
            ],
            "hosted_zone_id": "Z1BKCTXD74EZPE",
            "id": "terraform-20221109100934749200000001",
            "lifecycle_rule": [],
            "logging": [],
            "object_lock_configuration": [],
            "object_lock_enabled": false,
            "policy": "",
            "region": "eu-west-1",
            "replication_configuration": [],
            "request_payer": "BucketOwner",
            "server_side_encryption_configuration": [
              {
                "rule": [
                  {
                    "apply_server_side_encryption_by_default": [
                      {
                        "kms_master_key_id": "",
                        "sse_algorithm": "aws:kms"
                      }
                    ],
                    "bucket_key_enabled": false
                  }
                ]
              }
            ],
            "tags": {},
            "tags_all": {},
            "timeouts": null,
            "versioning": [
              {
                "enabled": false,
                "mfa_delete": false
              }
            ],
            "website": [],
            "website_domain": null,
            "website_endpoint": null
          },
          "sensitive_attributes": [],
          "private": "eyJlMmJmYjczMC1lY2FhLTExZTYtOGY4OC0zNDM2M2JjN2M0YzAiOnsiY3JlYXRlIjoxMjAwMDAwMDAwMDAwLCJkZWxldGUiOjM2MDAwMDAwMDAwMDAsInJlYWQiOjEyMDAwMDAwMDAwMDAsInVwZGF0ZSI6MTIwMDAwMDAwMDAwMH19"
        }
      ]
    },
    {
      "module": "module.infra-pipeline",
      "mode": "managed",
      "type": "aws_s3_bucket_public_access_block",
      "name": "public_access",
      "provider": "provider[\"registry.terraform.io/hashicorp/aws\"]",
      "instances": [
        {
          "schema_version": 0,
          "attributes": {
            "block_public_acls": true,
            "block_public_policy": true,
            "bucket": "terraform-20221109100934749200000001",
            "id": "terraform-20221109100934749200000001",
            "ignore_public_acls": true,
            "restrict_public_buckets": true
          },
          "sensitive_attributes": [],
          "private": "bnVsbA==",
          "dependencies": [
            "module.infra-pipeline.aws_s3_bucket.codepipeline_bucket"
          ]
        }
      ]
    },
    {
      "module": "module.infra-pipeline",
      "mode": "managed",
      "type": "aws_s3_bucket_server_side_encryption_configuration",
      "name": "example",
      "provider": "provider[\"registry.terraform.io/hashicorp/aws\"]",
      "instances": [
        {
          "schema_version": 0,
          "attributes": {
            "bucket": "terraform-20221109100934749200000001",
            "expected_bucket_owner": "",
            "id": "terraform-20221109100934749200000001",
            "rule": [
              {
                "apply_server_side_encryption_by_default": [
                  {
                    "kms_master_key_id": "",
                    "sse_algorithm": "aws:kms"
                  }
                ],
                "bucket_key_enabled": false
              }
            ]
          },
          "sensitive_attributes": [],
          "private": "bnVsbA==",
          "dependencies": [
            "module.infra-pipeline.aws_s3_bucket.codepipeline_bucket"
          ]
        }
      ]
    },
    {
      "module": "module.security-build",
      "mode": "data",
      "type": "aws_caller_identity",
      "name": "current",
      "provider": "provider[\"registry.terraform.io/hashicorp/aws\"]",
      "instances": [
        {
          "schema_version": 0,
          "attributes": {
            "account_id": "978200889980",
            "arn": "arn:aws:sts::978200889980:assumed-role/Administrator/mkaluz-Isengard",
            "id": "978200889980",
            "user_id": "AROA6HQKRBJ6I3EGFZFYT:mkaluz-Isengard"
          },
          "sensitive_attributes": []
        }
      ]
    },
    {
      "module": "module.security-build",
      "mode": "data",
      "type": "aws_iam_policy_document",
      "name": "kms_policy",
      "provider": "provider[\"registry.terraform.io/hashicorp/aws\"]",
      "instances": [
        {
          "schema_version": 0,
          "attributes": {
            "id": "597070195",
            "json": "{\n  \"Version\": \"2012-10-17\",\n  \"Statement\": [\n    {\n      \"Sid\": \"1\",\n      \"Effect\": \"Allow\",\n      \"Action\": \"kms:*\",\n      \"Resource\": \"*\",\n      \"Principal\": {\n        \"AWS\": \"arn:aws:iam::978200889980:root\"\n      }\n    },\n    {\n      \"Sid\": \"2\",\n      \"Effect\": \"Allow\",\n      \"Action\": [\n        \"kms:ReEncrypt*\",\n        \"kms:GenerateDataKey*\",\n        \"kms:Encrypt*\",\n        \"kms:Describe*\",\n        \"kms:Decrypt*\"\n      ],\n      \"Resource\": \"*\",\n      \"Principal\": {\n        \"Service\": \"codebuild.eu-west-1.amazonaws.com\"\n      }\n    }\n  ]\n}",
            "override_json": null,
            "override_policy_documents": null,
            "policy_id": null,
            "source_json": null,
            "source_policy_documents": null,
            "statement": [
              {
                "actions": [
                  "kms:*"
                ],
                "condition": [],
                "effect": "Allow",
                "not_actions": [],
                "not_principals": [],
                "not_resources": [],
                "principals": [
                  {
                    "identifiers": [
                      "arn:aws:iam::978200889980:root"
                    ],
                    "type": "AWS"
                  }
                ],
                "resources": [
                  "*"
                ],
                "sid": "1"
              },
              {
                "actions": [
                  "kms:Decrypt*",
                  "kms:Describe*",
                  "kms:Encrypt*",
                  "kms:GenerateDataKey*",
                  "kms:ReEncrypt*"
                ],
                "condition": [],
                "effect": "Allow",
                "not_actions": [],
                "not_principals": [],
                "not_resources": [],
                "principals": [
                  {
                    "identifiers": [
                      "codebuild.eu-west-1.amazonaws.com"
                    ],
                    "type": "Service"
                  }
                ],
                "resources": [
                  "*"
                ],
                "sid": "2"
              }
            ],
            "version": "2012-10-17"
          },
          "sensitive_attributes": []
        }
      ]
    },
    {
      "module": "module.security-build",
      "mode": "data",
      "type": "aws_region",
      "name": "current",
      "provider": "provider[\"registry.terraform.io/hashicorp/aws\"]",
      "instances": [
        {
          "schema_version": 0,
          "attributes": {
            "description": "Europe (Ireland)",
            "endpoint": "ec2.eu-west-1.amazonaws.com",
            "id": "eu-west-1",
            "name": "eu-west-1"
          },
          "sensitive_attributes": []
        }
      ]
    },
    {
      "module": "module.security-build",
      "mode": "managed",
      "type": "aws_codebuild_project",
      "name": "build_project",
      "provider": "provider[\"registry.terraform.io/hashicorp/aws\"]",
      "instances": [
        {
          "schema_version": 0,
          "attributes": {
            "arn": "arn:aws:codebuild:eu-west-1:978200889980:project/security-review",
            "artifacts": [
              {
                "artifact_identifier": "",
                "bucket_owner_access": "",
                "encryption_disabled": false,
                "location": "",
                "name": "",
                "namespace_type": "",
                "override_artifact_name": false,
                "packaging": "",
                "path": "",
                "type": "NO_ARTIFACTS"
              }
            ],
            "badge_enabled": false,
            "badge_url": "",
            "build_batch_config": [],
            "build_timeout": 60,
            "cache": [
              {
                "location": "",
                "modes": [],
                "type": "NO_CACHE"
              }
            ],
            "concurrent_build_limit": 0,
            "description": "",
            "encryption_key": "arn:aws:kms:eu-west-1:978200889980:key/290965fd-d98c-46e8-9271-21bc5efcce85",
            "environment": [
              {
                "certificate": "",
                "compute_type": "BUILD_GENERAL1_SMALL",
                "environment_variable": [],
                "image": "aws/codebuild/amazonlinux2-x86_64-standard:2.0",
                "image_pull_credentials_type": "CODEBUILD",
                "privileged_mode": true,
                "registry_credential": [],
                "type": "LINUX_CONTAINER"
              }
            ],
            "file_system_locations": [],
            "id": "arn:aws:codebuild:eu-west-1:978200889980:project/security-review",
            "logs_config": [
              {
                "cloudwatch_logs": [
                  {
                    "group_name": "security-review-log-group",
                    "status": "ENABLED",
                    "stream_name": ""
                  }
                ],
                "s3_logs": [
                  {
                    "bucket_owner_access": "",
                    "encryption_disabled": false,
                    "location": "",
                    "status": "DISABLED"
                  }
                ]
              }
            ],
            "name": "security-review",
            "project_visibility": "PRIVATE",
            "public_project_alias": "",
            "queued_timeout": 480,
            "resource_access_role": "",
            "secondary_artifacts": [],
            "secondary_source_version": [],
            "secondary_sources": [],
            "service_role": "arn:aws:iam::978200889980:role/InfraCodeBuildRole",
            "source": [
              {
                "auth": [],
                "build_status_config": [],
                "buildspec": "buildspec-sec.yml",
                "git_clone_depth": 0,
                "git_submodules_config": [],
                "insecure_ssl": false,
                "location": "terraform-assets",
                "report_build_status": false,
                "type": "CODECOMMIT"
              }
            ],
            "source_version": "",
            "tags": {},
            "tags_all": {},
            "vpc_config": []
          },
          "sensitive_attributes": [],
          "private": "bnVsbA==",
          "dependencies": [
            "aws_iam_role.codebuild-role",
            "module.security-build.aws_kms_key.codebuild_kms",
            "module.security-build.data.aws_caller_identity.current",
            "module.security-build.data.aws_iam_policy_document.kms_policy",
            "module.security-build.data.aws_region.current"
          ]
        }
      ]
    },
    {
      "module": "module.security-build",
      "mode": "managed",
      "type": "aws_kms_key",
      "name": "codebuild_kms",
      "provider": "provider[\"registry.terraform.io/hashicorp/aws\"]",
      "instances": [
        {
          "schema_version": 0,
          "attributes": {
            "arn": "arn:aws:kms:eu-west-1:978200889980:key/290965fd-d98c-46e8-9271-21bc5efcce85",
            "bypass_policy_lockout_safety_check": false,
            "custom_key_store_id": "",
            "customer_master_key_spec": "SYMMETRIC_DEFAULT",
            "deletion_window_in_days": 10,
            "description": "security-review-kmskey",
            "enable_key_rotation": true,
            "id": "290965fd-d98c-46e8-9271-21bc5efcce85",
            "is_enabled": true,
            "key_id": "290965fd-d98c-46e8-9271-21bc5efcce85",
            "key_usage": "ENCRYPT_DECRYPT",
            "multi_region": false,
            "policy": "{\n  \"Version\": \"2012-10-17\",\n  \"Statement\": [\n    {\n      \"Sid\": \"1\",\n      \"Effect\": \"Allow\",\n      \"Action\": \"kms:*\",\n      \"Resource\": \"*\",\n      \"Principal\": {\n        \"AWS\": \"arn:aws:iam::978200889980:root\"\n      }\n    },\n    {\n      \"Sid\": \"2\",\n      \"Effect\": \"Allow\",\n      \"Action\": [\n        \"kms:ReEncrypt*\",\n        \"kms:GenerateDataKey*\",\n        \"kms:Encrypt*\",\n        \"kms:Describe*\",\n        \"kms:Decrypt*\"\n      ],\n      \"Resource\": \"*\",\n      \"Principal\": {\n        \"Service\": \"codebuild.eu-west-1.amazonaws.com\"\n      }\n    }\n  ]\n}",
            "tags": {},
            "tags_all": {}
          },
          "sensitive_attributes": [],
          "private": "bnVsbA==",
          "dependencies": [
            "module.security-build.data.aws_caller_identity.current",
            "module.security-build.data.aws_iam_policy_document.kms_policy",
            "module.security-build.data.aws_region.current"
          ]
        }
      ]
    }
  ]
}
